
Microsoft Visual Studio Solution File, Format Version 12.00
# Visual Studio 15
VisualStudioVersion = 15.0.28010.2050
MinimumVisualStudioVersion = 10.0.40219.1
Project("{9A19103F-16F7-4668-BE54-9A1E7A4F7556}") = "SatisticsAPI", "WebApplication2\SatisticsAPI.csproj", "{E1A5ACEB-F999-4321-94DF-6597D466E17C}"
EndProject
Project("{9A19103F-16F7-4668-BE54-9A1E7A4F7556}") = "StatisticsDB", "Entiti\StatisticsDB.csproj", "{551DB355-F112-4A84-8B2A-2B0C13F98B3C}"
EndProject
Global
	GlobalSection(SolutionConfigurationPlatforms) = preSolution
		Debug|Any CPU = Debug|Any CPU
		Release|Any CPU = Release|Any CPU
	EndGlobalSection
	GlobalSection(ProjectConfigurationPlatforms) = postSolution
		{E1A5ACEB-F999-4321-94DF-6597D466E17C}.Debug|Any CPU.ActiveCfg = Debug|Any CPU
		{E1A5ACEB-F999-4321-94DF-6597D466E17C}.Debug|Any CPU.Build.0 = Debug|Any CPU
		{E1A5ACEB-F999-4321-94DF-6597D466E17C}.Release|Any CPU.ActiveCfg = Release|Any CPU
		{E1A5ACEB-F999-4321-94DF-6597D466E17C}.Release|Any CPU.Build.0 = Release|Any CPU
		{551DB355-F112-4A84-8B2A-2B0C13F98B3C}.Debug|Any CPU.ActiveCfg = Debug|Any CPU
		{551DB355-F112-4A84-8B2A-2B0C13F98B3C}.Debug|Any CPU.Build.0 = Debug|Any CPU
		{551DB355-F112-4A84-8B2A-2B0C13F98B3C}.Release|Any CPU.ActiveCfg = Release|Any CPU
		{551DB355-F112-4A84-8B2A-2B0C13F98B3C}.Release|Any CPU.Build.0 = Release|Any CPU
	EndGlobalSection
	GlobalSection(SolutionProperties) = preSolution
		HideSolutionNode = FALSE
	EndGlobalSection
	GlobalSection(ExtensibilityGlobals) = postSolution
		SolutionGuid = {2464FE52-538F-4C8B-9DD9-4D6BA5E6BA87}
	EndGlobalSection
EndGlobal
